{
  "name": "food-ordering-system",
  "version": "1.0.0",
  "lockfileVersion": 3,
  "requires": true,
  "packages": {
    "": {
      "name": "food-ordering-system",
      "version": "1.0.0",
      "license": "ISC",
      "dependencies": {
        "food-ordering-system": "file:"
      }
    },
    "node_modules/food-ordering-system": {
      "resolved": "",
      "link": true
    }
  }
}
